
Microsoft Visual Studio Solution File, Format Version 12.00
# Visual Studio Version 17
VisualStudioVersion = 17.11.35327.3
MinimumVisualStudioVersion = 10.0.40219.1
Project("{FAE04EC0-301F-11D3-BF4B-00C04F79EFBC}") = "IteratorPattern", "IteratorPattern\IteratorPattern.csproj", "{113C0308-C714-4FDA-8DCE-AD579D6E498F}"
EndProject
Project("{FAE04EC0-301F-11D3-BF4B-00C04F79EFBC}") = "IteratorPattern.Tests", "IteratorPattern.Tests\IteratorPattern.Tests.csproj", "{3EAE2411-5019-4330-9639-946B52CC65A4}"
EndProject
Global
	GlobalSection(SolutionConfigurationPlatforms) = preSolution
		Debug|Any CPU = Debug|Any CPU
		Release|Any CPU = Release|Any CPU
	EndGlobalSection
	GlobalSection(ProjectConfigurationPlatforms) = postSolution
		{113C0308-C714-4FDA-8DCE-AD579D6E498F}.Debug|Any CPU.ActiveCfg = Debug|Any CPU
		{113C0308-C714-4FDA-8DCE-AD579D6E498F}.Debug|Any CPU.Build.0 = Debug|Any CPU
		{113C0308-C714-4FDA-8DCE-AD579D6E498F}.Release|Any CPU.ActiveCfg = Release|Any CPU
		{113C0308-C714-4FDA-8DCE-AD579D6E498F}.Release|Any CPU.Build.0 = Release|Any CPU
		{3EAE2411-5019-4330-9639-946B52CC65A4}.Debug|Any CPU.ActiveCfg = Debug|Any CPU
		{3EAE2411-5019-4330-9639-946B52CC65A4}.Debug|Any CPU.Build.0 = Debug|Any CPU
		{3EAE2411-5019-4330-9639-946B52CC65A4}.Release|Any CPU.ActiveCfg = Release|Any CPU
		{3EAE2411-5019-4330-9639-946B52CC65A4}.Release|Any CPU.Build.0 = Release|Any CPU
	EndGlobalSection
	GlobalSection(SolutionProperties) = preSolution
		HideSolutionNode = FALSE
	EndGlobalSection
	GlobalSection(ExtensibilityGlobals) = postSolution
		SolutionGuid = {7CA6AAD4-80F5-41B8-BE12-19B2014D8C70}
	EndGlobalSection
EndGlobal
